
Microsoft Visual Studio Solution File, Format Version 12.00
# Visual Studio Version 16
VisualStudioVersion = 16.0.32228.343
MinimumVisualStudioVersion = 10.0.40219.1
Project("{9A19103F-16F7-4668-BE54-9A1E7A4F7556}") = "data-structures-and-algorithms", "data-structures-and-algorithms\data-structures-and-algorithms.csproj", "{446550F5-483F-4D06-942A-14C6ED7BC831}"
EndProject
Project("{9A19103F-16F7-4668-BE54-9A1E7A4F7556}") = "TestLink", "TestLink\TestLink.csproj", "{6CBEF3D1-D9CD-4FCF-BDE7-9D7CD80F87A2}"
EndProject
Project("{FAE04EC0-301F-11D3-BF4B-00C04F79EFBC}") = "HashTest", "HashTest\HashTest.csproj", "{D065BBDB-9029-40EB-9F00-37F87CAF4254}"
EndProject
Global
	GlobalSection(SolutionConfigurationPlatforms) = preSolution
		Debug|Any CPU = Debug|Any CPU
		Release|Any CPU = Release|Any CPU
	EndGlobalSection
	GlobalSection(ProjectConfigurationPlatforms) = postSolution
		{446550F5-483F-4D06-942A-14C6ED7BC831}.Debug|Any CPU.ActiveCfg = Debug|Any CPU
		{446550F5-483F-4D06-942A-14C6ED7BC831}.Debug|Any CPU.Build.0 = Debug|Any CPU
		{446550F5-483F-4D06-942A-14C6ED7BC831}.Release|Any CPU.ActiveCfg = Release|Any CPU
		{446550F5-483F-4D06-942A-14C6ED7BC831}.Release|Any CPU.Build.0 = Release|Any CPU
		{6CBEF3D1-D9CD-4FCF-BDE7-9D7CD80F87A2}.Debug|Any CPU.ActiveCfg = Debug|Any CPU
		{6CBEF3D1-D9CD-4FCF-BDE7-9D7CD80F87A2}.Debug|Any CPU.Build.0 = Debug|Any CPU
		{6CBEF3D1-D9CD-4FCF-BDE7-9D7CD80F87A2}.Release|Any CPU.ActiveCfg = Release|Any CPU
		{6CBEF3D1-D9CD-4FCF-BDE7-9D7CD80F87A2}.Release|Any CPU.Build.0 = Release|Any CPU
		{D065BBDB-9029-40EB-9F00-37F87CAF4254}.Debug|Any CPU.ActiveCfg = Debug|Any CPU
		{D065BBDB-9029-40EB-9F00-37F87CAF4254}.Debug|Any CPU.Build.0 = Debug|Any CPU
		{D065BBDB-9029-40EB-9F00-37F87CAF4254}.Release|Any CPU.ActiveCfg = Release|Any CPU
		{D065BBDB-9029-40EB-9F00-37F87CAF4254}.Release|Any CPU.Build.0 = Release|Any CPU
	EndGlobalSection
	GlobalSection(SolutionProperties) = preSolution
		HideSolutionNode = FALSE
	EndGlobalSection
	GlobalSection(ExtensibilityGlobals) = postSolution
		SolutionGuid = {115FCEE1-573F-4BE6-AE03-02F1776415DB}
	EndGlobalSection
EndGlobal
